{
  "requires": true,
  "lockfileVersion": 1,
  "dependencies": {
    "angular-base64-upload": {
      "version": "0.1.23",
      "resolved": "https://registry.npmjs.org/angular-base64-upload/-/angular-base64-upload-0.1.23.tgz",
      "integrity": "sha512-vRSY+7/pag2hEdTSB90LTvT5rU5XPxBNMA1WGz60pNSpChRUzf+h5FR9lObRcGg1WUOvlYinnvoPTD6Nktcx1g=="
    }
  }
}
